
Microsoft Visual Studio Solution File, Format Version 12.00
# Visual Studio Version 16
VisualStudioVersion = 16.0.30717.126
MinimumVisualStudioVersion = 10.0.40219.1
Project("{8BC9CEB8-8B4A-11D0-8D11-00A0C91BC942}") = "Project4000", "Project4000.vcxproj", "{B079D0F7-3A16-428B-AE5E-2485FC1DCA3E}"
EndProject
Global
	GlobalSection(SolutionConfigurationPlatforms) = preSolution
		Debug|x64 = Debug|x64
		Debug|x86 = Debug|x86
		Release|x64 = Release|x64
		Release|x86 = Release|x86
	EndGlobalSection
	GlobalSection(ProjectConfigurationPlatforms) = postSolution
		{B079D0F7-3A16-428B-AE5E-2485FC1DCA3E}.Debug|x64.ActiveCfg = Debug|x64
		{B079D0F7-3A16-428B-AE5E-2485FC1DCA3E}.Debug|x64.Build.0 = Debug|x64
		{B079D0F7-3A16-428B-AE5E-2485FC1DCA3E}.Debug|x86.ActiveCfg = Debug|Win32
		{B079D0F7-3A16-428B-AE5E-2485FC1DCA3E}.Debug|x86.Build.0 = Debug|Win32
		{B079D0F7-3A16-428B-AE5E-2485FC1DCA3E}.Release|x64.ActiveCfg = Release|x64
		{B079D0F7-3A16-428B-AE5E-2485FC1DCA3E}.Release|x64.Build.0 = Release|x64
		{B079D0F7-3A16-428B-AE5E-2485FC1DCA3E}.Release|x86.ActiveCfg = Release|Win32
		{B079D0F7-3A16-428B-AE5E-2485FC1DCA3E}.Release|x86.Build.0 = Release|Win32
	EndGlobalSection
	GlobalSection(SolutionProperties) = preSolution
		HideSolutionNode = FALSE
	EndGlobalSection
	GlobalSection(ExtensibilityGlobals) = postSolution
		SolutionGuid = {3496ADFC-1662-4B2E-AE69-58E7E92B4BCB}
	EndGlobalSection
EndGlobal
